
Microsoft Visual Studio Solution File, Format Version 12.00
# Visual Studio Version 17
VisualStudioVersion = 17.8.34330.188
MinimumVisualStudioVersion = 10.0.40219.1
Project("{FAE04EC0-301F-11D3-BF4B-00C04F79EFBC}") = "Printer", "Printer\Printer.csproj", "{64AD811E-B4D1-4C9F-BE56-18EA5722992E}"
EndProject
Global
	GlobalSection(SolutionConfigurationPlatforms) = preSolution
		Debug|Any CPU = Debug|Any CPU
		Release|Any CPU = Release|Any CPU
	EndGlobalSection
	GlobalSection(ProjectConfigurationPlatforms) = postSolution
		{64AD811E-B4D1-4C9F-BE56-18EA5722992E}.Debug|Any CPU.ActiveCfg = Debug|Any CPU
		{64AD811E-B4D1-4C9F-BE56-18EA5722992E}.Debug|Any CPU.Build.0 = Debug|Any CPU
		{64AD811E-B4D1-4C9F-BE56-18EA5722992E}.Release|Any CPU.ActiveCfg = Release|Any CPU
		{64AD811E-B4D1-4C9F-BE56-18EA5722992E}.Release|Any CPU.Build.0 = Release|Any CPU
	EndGlobalSection
	GlobalSection(SolutionProperties) = preSolution
		HideSolutionNode = FALSE
	EndGlobalSection
	GlobalSection(ExtensibilityGlobals) = postSolution
		SolutionGuid = {FB5B5246-0C0D-4233-8BAA-BCBAF3CC5418}
	EndGlobalSection
EndGlobal
